
Microsoft Visual Studio Solution File, Format Version 12.00
# Visual Studio Version 16
VisualStudioVersion = 16.0.30225.117
MinimumVisualStudioVersion = 10.0.40219.1
Project("{FAE04EC0-301F-11D3-BF4B-00C04F79EFBC}") = "serwis-console", "serwis-console\serwis-console.csproj", "{660DB998-C74D-449D-8CF7-3F74FC9D3912}"
EndProject
Global
	GlobalSection(SolutionConfigurationPlatforms) = preSolution
		Debug|Any CPU = Debug|Any CPU
		Release|Any CPU = Release|Any CPU
	EndGlobalSection
	GlobalSection(ProjectConfigurationPlatforms) = postSolution
		{660DB998-C74D-449D-8CF7-3F74FC9D3912}.Debug|Any CPU.ActiveCfg = Debug|Any CPU
		{660DB998-C74D-449D-8CF7-3F74FC9D3912}.Debug|Any CPU.Build.0 = Debug|Any CPU
		{660DB998-C74D-449D-8CF7-3F74FC9D3912}.Release|Any CPU.ActiveCfg = Release|Any CPU
		{660DB998-C74D-449D-8CF7-3F74FC9D3912}.Release|Any CPU.Build.0 = Release|Any CPU
	EndGlobalSection
	GlobalSection(SolutionProperties) = preSolution
		HideSolutionNode = FALSE
	EndGlobalSection
	GlobalSection(ExtensibilityGlobals) = postSolution
		SolutionGuid = {E5EC2445-4BB3-4963-AE09-629BE38AA12D}
	EndGlobalSection
EndGlobal
